
Microsoft Visual Studio Solution File, Format Version 12.00
# Visual Studio Version 17
VisualStudioVersion = 17.0.31903.59
MinimumVisualStudioVersion = 10.0.40219.1
Project("{2150E333-8FDC-42A3-9474-1A3956D46DE8}") = "src", "src", "{827E0CD3-B72D-47B6-A68D-7590B98EB39B}"
EndProject
Project("{FAE04EC0-301F-11D3-BF4B-00C04F79EFBC}") = "MatchAlert.App", "src\MatchAlert.App\MatchAlert.App.csproj", "{E2A03B36-D81A-41F5-BA9F-7CE4B89CA4B6}"
EndProject
Project("{FAE04EC0-301F-11D3-BF4B-00C04F79EFBC}") = "MatchAlert.Domain", "src\MatchAlert.Domain\MatchAlert.Domain.csproj", "{0B6EE6B2-3FDE-4920-A7C7-C08A02053825}"
EndProject
Project("{FAE04EC0-301F-11D3-BF4B-00C04F79EFBC}") = "MatchAlert.Devices", "src\MatchAlert.Devices\MatchAlert.Devices.csproj", "{D3250D2E-5C0E-46C2-8563-31ECEB41E18F}"
EndProject
Project("{FAE04EC0-301F-11D3-BF4B-00C04F79EFBC}") = "MatchAlert.Lcu", "src\MatchAlert.Lcu\MatchAlert.Lcu.csproj", "{106FD134-8A90-4890-AA92-EDC14319B82A}"
EndProject
Project("{2150E333-8FDC-42A3-9474-1A3956D46DE8}") = "tests", "tests", "{0AB3BF05-4346-4AA6-1389-037BE0695223}"
EndProject
Project("{FAE04EC0-301F-11D3-BF4B-00C04F79EFBC}") = "MatchAlert.Tests", "tests\MatchAlert.Tests\MatchAlert.Tests.csproj", "{14EB644F-3EE9-42E3-AD36-F07673F553D3}"
EndProject
Global
	GlobalSection(SolutionConfigurationPlatforms) = preSolution
		Debug|Any CPU = Debug|Any CPU
		Debug|x64 = Debug|x64
		Debug|x86 = Debug|x86
		Release|Any CPU = Release|Any CPU
		Release|x64 = Release|x64
		Release|x86 = Release|x86
	EndGlobalSection
	GlobalSection(ProjectConfigurationPlatforms) = postSolution
		{E2A03B36-D81A-41F5-BA9F-7CE4B89CA4B6}.Debug|Any CPU.ActiveCfg = Debug|Any CPU
		{E2A03B36-D81A-41F5-BA9F-7CE4B89CA4B6}.Debug|Any CPU.Build.0 = Debug|Any CPU
		{E2A03B36-D81A-41F5-BA9F-7CE4B89CA4B6}.Debug|x64.ActiveCfg = Debug|Any CPU
		{E2A03B36-D81A-41F5-BA9F-7CE4B89CA4B6}.Debug|x64.Build.0 = Debug|Any CPU
		{E2A03B36-D81A-41F5-BA9F-7CE4B89CA4B6}.Debug|x86.ActiveCfg = Debug|Any CPU
		{E2A03B36-D81A-41F5-BA9F-7CE4B89CA4B6}.Debug|x86.Build.0 = Debug|Any CPU
		{E2A03B36-D81A-41F5-BA9F-7CE4B89CA4B6}.Release|Any CPU.ActiveCfg = Release|Any CPU
		{E2A03B36-D81A-41F5-BA9F-7CE4B89CA4B6}.Release|Any CPU.Build.0 = Release|Any CPU
		{E2A03B36-D81A-41F5-BA9F-7CE4B89CA4B6}.Release|x64.ActiveCfg = Release|Any CPU
		{E2A03B36-D81A-41F5-BA9F-7CE4B89CA4B6}.Release|x64.Build.0 = Release|Any CPU
		{E2A03B36-D81A-41F5-BA9F-7CE4B89CA4B6}.Release|x86.ActiveCfg = Release|Any CPU
		{E2A03B36-D81A-41F5-BA9F-7CE4B89CA4B6}.Release|x86.Build.0 = Release|Any CPU
		{0B6EE6B2-3FDE-4920-A7C7-C08A02053825}.Debug|Any CPU.ActiveCfg = Debug|Any CPU
		{0B6EE6B2-3FDE-4920-A7C7-C08A02053825}.Debug|Any CPU.Build.0 = Debug|Any CPU
		{0B6EE6B2-3FDE-4920-A7C7-C08A02053825}.Debug|x64.ActiveCfg = Debug|Any CPU
		{0B6EE6B2-3FDE-4920-A7C7-C08A02053825}.Debug|x64.Build.0 = Debug|Any CPU
		{0B6EE6B2-3FDE-4920-A7C7-C08A02053825}.Debug|x86.ActiveCfg = Debug|Any CPU
		{0B6EE6B2-3FDE-4920-A7C7-C08A02053825}.Debug|x86.Build.0 = Debug|Any CPU
		{0B6EE6B2-3FDE-4920-A7C7-C08A02053825}.Release|Any CPU.ActiveCfg = Release|Any CPU
		{0B6EE6B2-3FDE-4920-A7C7-C08A02053825}.Release|Any CPU.Build.0 = Release|Any CPU
		{0B6EE6B2-3FDE-4920-A7C7-C08A02053825}.Release|x64.ActiveCfg = Release|Any CPU
		{0B6EE6B2-3FDE-4920-A7C7-C08A02053825}.Release|x64.Build.0 = Release|Any CPU
		{0B6EE6B2-3FDE-4920-A7C7-C08A02053825}.Release|x86.ActiveCfg = Release|Any CPU
		{0B6EE6B2-3FDE-4920-A7C7-C08A02053825}.Release|x86.Build.0 = Release|Any CPU
		{D3250D2E-5C0E-46C2-8563-31ECEB41E18F}.Debug|Any CPU.ActiveCfg = Debug|Any CPU
		{D3250D2E-5C0E-46C2-8563-31ECEB41E18F}.Debug|Any CPU.Build.0 = Debug|Any CPU
		{D3250D2E-5C0E-46C2-8563-31ECEB41E18F}.Debug|x64.ActiveCfg = Debug|Any CPU
		{D3250D2E-5C0E-46C2-8563-31ECEB41E18F}.Debug|x64.Build.0 = Debug|Any CPU
		{D3250D2E-5C0E-46C2-8563-31ECEB41E18F}.Debug|x86.ActiveCfg = Debug|Any CPU
		{D3250D2E-5C0E-46C2-8563-31ECEB41E18F}.Debug|x86.Build.0 = Debug|Any CPU
		{D3250D2E-5C0E-46C2-8563-31ECEB41E18F}.Release|Any CPU.ActiveCfg = Release|Any CPU
		{D3250D2E-5C0E-46C2-8563-31ECEB41E18F}.Release|Any CPU.Build.0 = Release|Any CPU
		{D3250D2E-5C0E-46C2-8563-31ECEB41E18F}.Release|x64.ActiveCfg = Release|Any CPU
		{D3250D2E-5C0E-46C2-8563-31ECEB41E18F}.Release|x64.Build.0 = Release|Any CPU
		{D3250D2E-5C0E-46C2-8563-31ECEB41E18F}.Release|x86.ActiveCfg = Release|Any CPU
		{D3250D2E-5C0E-46C2-8563-31ECEB41E18F}.Release|x86.Build.0 = Release|Any CPU
		{106FD134-8A90-4890-AA92-EDC14319B82A}.Debug|Any CPU.ActiveCfg = Debug|Any CPU
		{106FD134-8A90-4890-AA92-EDC14319B82A}.Debug|Any CPU.Build.0 = Debug|Any CPU
		{106FD134-8A90-4890-AA92-EDC14319B82A}.Debug|x64.ActiveCfg = Debug|Any CPU
		{106FD134-8A90-4890-AA92-EDC14319B82A}.Debug|x64.Build.0 = Debug|Any CPU
		{106FD134-8A90-4890-AA92-EDC14319B82A}.Debug|x86.ActiveCfg = Debug|Any CPU
		{106FD134-8A90-4890-AA92-EDC14319B82A}.Debug|x86.Build.0 = Debug|Any CPU
		{106FD134-8A90-4890-AA92-EDC14319B82A}.Release|Any CPU.ActiveCfg = Release|Any CPU
		{106FD134-8A90-4890-AA92-EDC14319B82A}.Release|Any CPU.Build.0 = Release|Any CPU
		{106FD134-8A90-4890-AA92-EDC14319B82A}.Release|x64.ActiveCfg = Release|Any CPU
		{106FD134-8A90-4890-AA92-EDC14319B82A}.Release|x64.Build.0 = Release|Any CPU
		{106FD134-8A90-4890-AA92-EDC14319B82A}.Release|x86.ActiveCfg = Release|Any CPU
		{106FD134-8A90-4890-AA92-EDC14319B82A}.Release|x86.Build.0 = Release|Any CPU
		{14EB644F-3EE9-42E3-AD36-F07673F553D3}.Debug|Any CPU.ActiveCfg = Debug|Any CPU
		{14EB644F-3EE9-42E3-AD36-F07673F553D3}.Debug|Any CPU.Build.0 = Debug|Any CPU
		{14EB644F-3EE9-42E3-AD36-F07673F553D3}.Debug|x64.ActiveCfg = Debug|Any CPU
		{14EB644F-3EE9-42E3-AD36-F07673F553D3}.Debug|x64.Build.0 = Debug|Any CPU
		{14EB644F-3EE9-42E3-AD36-F07673F553D3}.Debug|x86.ActiveCfg = Debug|Any CPU
		{14EB644F-3EE9-42E3-AD36-F07673F553D3}.Debug|x86.Build.0 = Debug|Any CPU
		{14EB644F-3EE9-42E3-AD36-F07673F553D3}.Release|Any CPU.ActiveCfg = Release|Any CPU
		{14EB644F-3EE9-42E3-AD36-F07673F553D3}.Release|Any CPU.Build.0 = Release|Any CPU
		{14EB644F-3EE9-42E3-AD36-F07673F553D3}.Release|x64.ActiveCfg = Release|Any CPU
		{14EB644F-3EE9-42E3-AD36-F07673F553D3}.Release|x64.Build.0 = Release|Any CPU
		{14EB644F-3EE9-42E3-AD36-F07673F553D3}.Release|x86.ActiveCfg = Release|Any CPU
		{14EB644F-3EE9-42E3-AD36-F07673F553D3}.Release|x86.Build.0 = Release|Any CPU
	EndGlobalSection
	GlobalSection(SolutionProperties) = preSolution
		HideSolutionNode = FALSE
	EndGlobalSection
	GlobalSection(NestedProjects) = preSolution
		{E2A03B36-D81A-41F5-BA9F-7CE4B89CA4B6} = {827E0CD3-B72D-47B6-A68D-7590B98EB39B}
		{0B6EE6B2-3FDE-4920-A7C7-C08A02053825} = {827E0CD3-B72D-47B6-A68D-7590B98EB39B}
		{D3250D2E-5C0E-46C2-8563-31ECEB41E18F} = {827E0CD3-B72D-47B6-A68D-7590B98EB39B}
		{106FD134-8A90-4890-AA92-EDC14319B82A} = {827E0CD3-B72D-47B6-A68D-7590B98EB39B}
		{14EB644F-3EE9-42E3-AD36-F07673F553D3} = {0AB3BF05-4346-4AA6-1389-037BE0695223}
	EndGlobalSection
EndGlobal
